Microsoft Visual Studio Solution File, Format Version 12.00
# Visual Studio Version 17
VisualStudioVersion = 17.5.2.0
MinimumVisualStudioVersion = 10.0.40219.1
Project("{FAE04EC0-301F-11D3-BF4B-00C04F79EFBC}") = "Harjoitus_III_Maksym_Kotlubaiev", "Harjoitus_III_Maksym_Kotlubaiev.csproj", "{24D8095C-D655-DAA0-BF0A-72377EDA5593}"
EndProject
Global
	GlobalSection(SolutionConfigurationPlatforms) = preSolution
		Debug|Any CPU = Debug|Any CPU
		Release|Any CPU = Release|Any CPU
	EndGlobalSection
	GlobalSection(ProjectConfigurationPlatforms) = postSolution
		{24D8095C-D655-DAA0-BF0A-72377EDA5593}.Debug|Any CPU.ActiveCfg = Debug|Any CPU
		{24D8095C-D655-DAA0-BF0A-72377EDA5593}.Debug|Any CPU.Build.0 = Debug|Any CPU
		{24D8095C-D655-DAA0-BF0A-72377EDA5593}.Release|Any CPU.ActiveCfg = Release|Any CPU
		{24D8095C-D655-DAA0-BF0A-72377EDA5593}.Release|Any CPU.Build.0 = Release|Any CPU
	EndGlobalSection
	GlobalSection(SolutionProperties) = preSolution
		HideSolutionNode = FALSE
	EndGlobalSection
	GlobalSection(ExtensibilityGlobals) = postSolution
		SolutionGuid = {B8F8E332-22BC-40C0-ADF0-B2648B10388D}
	EndGlobalSection
EndGlobal
